
Microsoft Visual Studio Solution File, Format Version 12.00
# Visual Studio Version 17
VisualStudioVersion = 17.9.34622.214
MinimumVisualStudioVersion = 10.0.40219.1
Project("{8BC9CEB8-8B4A-11D0-8D11-00A0C91BC942}") = "Liệt kê các đỉnh có thể tới từ đỉnh S", "Liệt kê các đỉnh có thể tới từ đỉnh S\Liệt kê các đỉnh có thể tới từ đỉnh S.vcxproj", "{C46AC00E-5E13-439E-98D4-95AD424C75CA}"
EndProject
Global
	GlobalSection(SolutionConfigurationPlatforms) = preSolution
		Debug|x64 = Debug|x64
		Debug|x86 = Debug|x86
		Release|x64 = Release|x64
		Release|x86 = Release|x86
	EndGlobalSection
	GlobalSection(ProjectConfigurationPlatforms) = postSolution
		{C46AC00E-5E13-439E-98D4-95AD424C75CA}.Debug|x64.ActiveCfg = Debug|x64
		{C46AC00E-5E13-439E-98D4-95AD424C75CA}.Debug|x64.Build.0 = Debug|x64
		{C46AC00E-5E13-439E-98D4-95AD424C75CA}.Debug|x86.ActiveCfg = Debug|Win32
		{C46AC00E-5E13-439E-98D4-95AD424C75CA}.Debug|x86.Build.0 = Debug|Win32
		{C46AC00E-5E13-439E-98D4-95AD424C75CA}.Release|x64.ActiveCfg = Release|x64
		{C46AC00E-5E13-439E-98D4-95AD424C75CA}.Release|x64.Build.0 = Release|x64
		{C46AC00E-5E13-439E-98D4-95AD424C75CA}.Release|x86.ActiveCfg = Release|Win32
		{C46AC00E-5E13-439E-98D4-95AD424C75CA}.Release|x86.Build.0 = Release|Win32
	EndGlobalSection
	GlobalSection(SolutionProperties) = preSolution
		HideSolutionNode = FALSE
	EndGlobalSection
	GlobalSection(ExtensibilityGlobals) = postSolution
		SolutionGuid = {898993F6-F76B-4F22-ADDD-113A83C2788A}
	EndGlobalSection
EndGlobal
