
Microsoft Visual Studio Solution File, Format Version 12.00
# Visual Studio Version 17
VisualStudioVersion = 17.9.34622.214
MinimumVisualStudioVersion = 10.0.40219.1
Project("{8BC9CEB8-8B4A-11D0-8D11-00A0C91BC942}") = "Một cuộc tấn công hệ thống mạng", "Một cuộc tấn công hệ thống mạng\Một cuộc tấn công hệ thống mạng.vcxproj", "{54640CF2-7E2B-4414-A60A-1F6464EF4783}"
EndProject
Global
	GlobalSection(SolutionConfigurationPlatforms) = preSolution
		Debug|x64 = Debug|x64
		Debug|x86 = Debug|x86
		Release|x64 = Release|x64
		Release|x86 = Release|x86
	EndGlobalSection
	GlobalSection(ProjectConfigurationPlatforms) = postSolution
		{54640CF2-7E2B-4414-A60A-1F6464EF4783}.Debug|x64.ActiveCfg = Debug|x64
		{54640CF2-7E2B-4414-A60A-1F6464EF4783}.Debug|x64.Build.0 = Debug|x64
		{54640CF2-7E2B-4414-A60A-1F6464EF4783}.Debug|x86.ActiveCfg = Debug|Win32
		{54640CF2-7E2B-4414-A60A-1F6464EF4783}.Debug|x86.Build.0 = Debug|Win32
		{54640CF2-7E2B-4414-A60A-1F6464EF4783}.Release|x64.ActiveCfg = Release|x64
		{54640CF2-7E2B-4414-A60A-1F6464EF4783}.Release|x64.Build.0 = Release|x64
		{54640CF2-7E2B-4414-A60A-1F6464EF4783}.Release|x86.ActiveCfg = Release|Win32
		{54640CF2-7E2B-4414-A60A-1F6464EF4783}.Release|x86.Build.0 = Release|Win32
	EndGlobalSection
	GlobalSection(SolutionProperties) = preSolution
		HideSolutionNode = FALSE
	EndGlobalSection
	GlobalSection(ExtensibilityGlobals) = postSolution
		SolutionGuid = {01158DBB-D7A1-433C-B38D-62B72A5818D7}
	EndGlobalSection
EndGlobal
