
Microsoft Visual Studio Solution File, Format Version 12.00
# Visual Studio Version 17
VisualStudioVersion = 17.9.34622.214
MinimumVisualStudioVersion = 10.0.40219.1
Project("{8BC9CEB8-8B4A-11D0-8D11-00A0C91BC942}") = "Kiểm tra có đường đi từ đỉnh S tới đỉnh E", "Kiểm tra có đường đi từ đỉnh S tới đỉnh E\Kiểm tra có đường đi từ đỉnh S tới đỉnh E.vcxproj", "{93D762B4-F9D8-4D97-A42A-0A092664842C}"
EndProject
Global
	GlobalSection(SolutionConfigurationPlatforms) = preSolution
		Debug|x64 = Debug|x64
		Debug|x86 = Debug|x86
		Release|x64 = Release|x64
		Release|x86 = Release|x86
	EndGlobalSection
	GlobalSection(ProjectConfigurationPlatforms) = postSolution
		{93D762B4-F9D8-4D97-A42A-0A092664842C}.Debug|x64.ActiveCfg = Debug|x64
		{93D762B4-F9D8-4D97-A42A-0A092664842C}.Debug|x64.Build.0 = Debug|x64
		{93D762B4-F9D8-4D97-A42A-0A092664842C}.Debug|x86.ActiveCfg = Debug|Win32
		{93D762B4-F9D8-4D97-A42A-0A092664842C}.Debug|x86.Build.0 = Debug|Win32
		{93D762B4-F9D8-4D97-A42A-0A092664842C}.Release|x64.ActiveCfg = Release|x64
		{93D762B4-F9D8-4D97-A42A-0A092664842C}.Release|x64.Build.0 = Release|x64
		{93D762B4-F9D8-4D97-A42A-0A092664842C}.Release|x86.ActiveCfg = Release|Win32
		{93D762B4-F9D8-4D97-A42A-0A092664842C}.Release|x86.Build.0 = Release|Win32
	EndGlobalSection
	GlobalSection(SolutionProperties) = preSolution
		HideSolutionNode = FALSE
	EndGlobalSection
	GlobalSection(ExtensibilityGlobals) = postSolution
		SolutionGuid = {DDDEDF99-7BC0-4E69-BDEA-B09111842EE6}
	EndGlobalSection
EndGlobal
