
Microsoft Visual Studio Solution File, Format Version 12.00
# Visual Studio Version 17
VisualStudioVersion = 17.9.34622.214
MinimumVisualStudioVersion = 10.0.40219.1
Project("{8BC9CEB8-8B4A-11D0-8D11-00A0C91BC942}") = "is Full-BST", "is Full-BST\is Full-BST.vcxproj", "{C30543C3-7136-48C6-8E0C-E2974F4ACA92}"
EndProject
Global
	GlobalSection(SolutionConfigurationPlatforms) = preSolution
		Debug|x64 = Debug|x64
		Debug|x86 = Debug|x86
		Release|x64 = Release|x64
		Release|x86 = Release|x86
	EndGlobalSection
	GlobalSection(ProjectConfigurationPlatforms) = postSolution
		{C30543C3-7136-48C6-8E0C-E2974F4ACA92}.Debug|x64.ActiveCfg = Debug|x64
		{C30543C3-7136-48C6-8E0C-E2974F4ACA92}.Debug|x64.Build.0 = Debug|x64
		{C30543C3-7136-48C6-8E0C-E2974F4ACA92}.Debug|x86.ActiveCfg = Debug|Win32
		{C30543C3-7136-48C6-8E0C-E2974F4ACA92}.Debug|x86.Build.0 = Debug|Win32
		{C30543C3-7136-48C6-8E0C-E2974F4ACA92}.Release|x64.ActiveCfg = Release|x64
		{C30543C3-7136-48C6-8E0C-E2974F4ACA92}.Release|x64.Build.0 = Release|x64
		{C30543C3-7136-48C6-8E0C-E2974F4ACA92}.Release|x86.ActiveCfg = Release|Win32
		{C30543C3-7136-48C6-8E0C-E2974F4ACA92}.Release|x86.Build.0 = Release|Win32
	EndGlobalSection
	GlobalSection(SolutionProperties) = preSolution
		HideSolutionNode = FALSE
	EndGlobalSection
	GlobalSection(ExtensibilityGlobals) = postSolution
		SolutionGuid = {014A42FF-2A3A-4AEA-8ECE-4F95180C28EC}
	EndGlobalSection
EndGlobal
