
Microsoft Visual Studio Solution File, Format Version 12.00
# Visual Studio Version 17
VisualStudioVersion = 17.9.34622.214
MinimumVisualStudioVersion = 10.0.40219.1
Project("{8BC9CEB8-8B4A-11D0-8D11-00A0C91BC942}") = "2", "2\2.vcxproj", "{EFA9FAD7-A0E4-417F-B9AA-225C7D92BD35}"
EndProject
Global
	GlobalSection(SolutionConfigurationPlatforms) = preSolution
		Debug|x64 = Debug|x64
		Debug|x86 = Debug|x86
		Release|x64 = Release|x64
		Release|x86 = Release|x86
	EndGlobalSection
	GlobalSection(ProjectConfigurationPlatforms) = postSolution
		{EFA9FAD7-A0E4-417F-B9AA-225C7D92BD35}.Debug|x64.ActiveCfg = Debug|x64
		{EFA9FAD7-A0E4-417F-B9AA-225C7D92BD35}.Debug|x64.Build.0 = Debug|x64
		{EFA9FAD7-A0E4-417F-B9AA-225C7D92BD35}.Debug|x86.ActiveCfg = Debug|Win32
		{EFA9FAD7-A0E4-417F-B9AA-225C7D92BD35}.Debug|x86.Build.0 = Debug|Win32
		{EFA9FAD7-A0E4-417F-B9AA-225C7D92BD35}.Release|x64.ActiveCfg = Release|x64
		{EFA9FAD7-A0E4-417F-B9AA-225C7D92BD35}.Release|x64.Build.0 = Release|x64
		{EFA9FAD7-A0E4-417F-B9AA-225C7D92BD35}.Release|x86.ActiveCfg = Release|Win32
		{EFA9FAD7-A0E4-417F-B9AA-225C7D92BD35}.Release|x86.Build.0 = Release|Win32
	EndGlobalSection
	GlobalSection(SolutionProperties) = preSolution
		HideSolutionNode = FALSE
	EndGlobalSection
	GlobalSection(ExtensibilityGlobals) = postSolution
		SolutionGuid = {A155B718-CA80-4D01-B0D0-4F482B2054D9}
	EndGlobalSection
EndGlobal
