
Microsoft Visual Studio Solution File, Format Version 12.00
# Visual Studio Version 17
VisualStudioVersion = 17.9.34622.214
MinimumVisualStudioVersion = 10.0.40219.1
Project("{8BC9CEB8-8B4A-11D0-8D11-00A0C91BC942}") = "Project2", "Project2\Project2.vcxproj", "{F63C939E-8D73-4881-9FD2-F996E463506A}"
EndProject
Global
	GlobalSection(SolutionConfigurationPlatforms) = preSolution
		Debug|x64 = Debug|x64
		Debug|x86 = Debug|x86
		Release|x64 = Release|x64
		Release|x86 = Release|x86
	EndGlobalSection
	GlobalSection(ProjectConfigurationPlatforms) = postSolution
		{F63C939E-8D73-4881-9FD2-F996E463506A}.Debug|x64.ActiveCfg = Debug|x64
		{F63C939E-8D73-4881-9FD2-F996E463506A}.Debug|x64.Build.0 = Debug|x64
		{F63C939E-8D73-4881-9FD2-F996E463506A}.Debug|x86.ActiveCfg = Debug|Win32
		{F63C939E-8D73-4881-9FD2-F996E463506A}.Debug|x86.Build.0 = Debug|Win32
		{F63C939E-8D73-4881-9FD2-F996E463506A}.Release|x64.ActiveCfg = Release|x64
		{F63C939E-8D73-4881-9FD2-F996E463506A}.Release|x64.Build.0 = Release|x64
		{F63C939E-8D73-4881-9FD2-F996E463506A}.Release|x86.ActiveCfg = Release|Win32
		{F63C939E-8D73-4881-9FD2-F996E463506A}.Release|x86.Build.0 = Release|Win32
	EndGlobalSection
	GlobalSection(SolutionProperties) = preSolution
		HideSolutionNode = FALSE
	EndGlobalSection
	GlobalSection(ExtensibilityGlobals) = postSolution
		SolutionGuid = {E2EF29B1-AED5-4472-B8B0-EF353370EF44}
	EndGlobalSection
EndGlobal
